
Microsoft Visual Studio Solution File, Format Version 12.00
# Visual Studio 2012
Project("{2150E333-8FDC-42A3-9474-1A3956D46DE8}") = "ch11-AspDotNetUsers", "ch11-AspDotNetUsers", "{1E8DBADE-3384-4038-B379-0982667B0808}"
EndProject
Project("{FAE04EC0-301F-11D3-BF4B-00C04F79EFBC}") = "FormsAuthentication", "FormsAuthentication\FormsAuthentication.csproj", "{22706820-AB76-43FE-AA96-A0E2A3819295}"
EndProject
Project("{FAE04EC0-301F-11D3-BF4B-00C04F79EFBC}") = "MemebershipUsers", "MemebershipUsers\MemebershipUsers.csproj", "{C074FB66-7099-4A08-98E6-A75E4B7E2A93}"
EndProject
Project("{2150E333-8FDC-42A3-9474-1A3956D46DE8}") = "ch06-State", "ch06-State", "{F37E69DB-633B-4A68-BF48-D57509BB9DD8}"
EndProject
Project("{FAE04EC0-301F-11D3-BF4B-00C04F79EFBC}") = "UseHiddenField", "UseHiddenField\UseHiddenField.csproj", "{4414BE0B-4349-424A-976F-FB399A4B427F}"
EndProject
Project("{FAE04EC0-301F-11D3-BF4B-00C04F79EFBC}") = "Cookies", "Cookies\Cookies.csproj", "{0D89717E-795E-4794-A1C3-706C5E60F009}"
EndProject
Project("{FAE04EC0-301F-11D3-BF4B-00C04F79EFBC}") = "URL", "URL\URL.csproj", "{DF28D606-C6A0-4235-A122-1DB3C98B131C}"
EndProject
Project("{FAE04EC0-301F-11D3-BF4B-00C04F79EFBC}") = "UseViewState", "UseViewState\UseViewState.csproj", "{2B68F310-123F-4144-A366-080E8076596B}"
EndProject
Project("{FAE04EC0-301F-11D3-BF4B-00C04F79EFBC}") = "UserControlState", "UserControlState\UserControlState.csproj", "{A88B6C0E-59F2-4BB9-95E0-BA4ADDCD0C36}"
EndProject
Project("{FAE04EC0-301F-11D3-BF4B-00C04F79EFBC}") = "CustomWebControls", "CustomWebControls\CustomWebControls.csproj", "{81ECE807-36ED-4BAB-80F3-89CDE58E6BBF}"
EndProject
Project("{FAE04EC0-301F-11D3-BF4B-00C04F79EFBC}") = "UseApplicationState", "UseApplicationState\UseApplicationState.csproj", "{E1A901A1-DBE0-4A8C-9FC1-2907C8EF8E15}"
EndProject
Project("{FAE04EC0-301F-11D3-BF4B-00C04F79EFBC}") = "UseSessionState", "UseSessionState\UseSessionState.csproj", "{3190640E-66C9-43DE-95A6-DC05B6D451B3}"
EndProject
Project("{FAE04EC0-301F-11D3-BF4B-00C04F79EFBC}") = "UseHttpContextItems", "UseHttpContextItems\UseHttpContextItems.csproj", "{FD1EEE1C-834B-4699-A960-8B63FF7FD89F}"
EndProject
Project("{FAE04EC0-301F-11D3-BF4B-00C04F79EFBC}") = "UseCache", "UseCache\UseCache.csproj", "{664E4159-40C5-45D2-ACDD-91C2E2F10D8F}"
EndProject
Project("{FAE04EC0-301F-11D3-BF4B-00C04F79EFBC}") = "UseSqlCacheDependency", "UseSqlCacheDependency\UseSqlCacheDependency.csproj", "{267564ED-EF23-4202-A9DF-5ECCB81B0F72}"
EndProject
Project("{FAE04EC0-301F-11D3-BF4B-00C04F79EFBC}") = "UsePageOutCache", "UsePageOutCache\UsePageOutCache.csproj", "{62F2FDFB-0DF0-430C-8A66-570564FEC7CB}"
EndProject
Project("{FAE04EC0-301F-11D3-BF4B-00C04F79EFBC}") = "MyOutCacheProvider", "MyOutCacheProvider\MyOutCacheProvider.csproj", "{C631FA5C-AD8E-49BD-A2FA-D784AFA510DD}"
EndProject
Project("{FAE04EC0-301F-11D3-BF4B-00C04F79EFBC}") = "MemCached", "MemCached\MemCached.csproj", "{2015DB11-6FEE-4D23-8B0E-14688658218C}"
EndProject
Project("{FAE04EC0-301F-11D3-BF4B-00C04F79EFBC}") = "OnlineUserModule", "OnlineUserModule\OnlineUserModule.csproj", "{532FEA4F-82F6-4115-9668-5FDB0833DCEA}"
EndProject
Project("{2150E333-8FDC-42A3-9474-1A3956D46DE8}") = "ch03-HttpHandler", "ch03-HttpHandler", "{05B00016-C7A2-4C6B-9485-92409F4EFB65}"
EndProject
Project("{FAE04EC0-301F-11D3-BF4B-00C04F79EFBC}") = "MyHttpHandlers", "MyHttpHandlers\MyHttpHandlers.csproj", "{10FEADB6-2A5E-4EF6-B496-8549305A6931}"
EndProject
Global
	GlobalSection(SolutionConfigurationPlatforms) = preSolution
		Debug|Any CPU = Debug|Any CPU
		Release|Any CPU = Release|Any CPU
	EndGlobalSection
	GlobalSection(ProjectConfigurationPlatforms) = postSolution
		{22706820-AB76-43FE-AA96-A0E2A3819295}.Debug|Any CPU.ActiveCfg = Debug|Any CPU
		{22706820-AB76-43FE-AA96-A0E2A3819295}.Debug|Any CPU.Build.0 = Debug|Any CPU
		{22706820-AB76-43FE-AA96-A0E2A3819295}.Release|Any CPU.ActiveCfg = Release|Any CPU
		{22706820-AB76-43FE-AA96-A0E2A3819295}.Release|Any CPU.Build.0 = Release|Any CPU
		{C074FB66-7099-4A08-98E6-A75E4B7E2A93}.Debug|Any CPU.ActiveCfg = Debug|Any CPU
		{C074FB66-7099-4A08-98E6-A75E4B7E2A93}.Debug|Any CPU.Build.0 = Debug|Any CPU
		{C074FB66-7099-4A08-98E6-A75E4B7E2A93}.Release|Any CPU.ActiveCfg = Release|Any CPU
		{C074FB66-7099-4A08-98E6-A75E4B7E2A93}.Release|Any CPU.Build.0 = Release|Any CPU
		{4414BE0B-4349-424A-976F-FB399A4B427F}.Debug|Any CPU.ActiveCfg = Debug|Any CPU
		{4414BE0B-4349-424A-976F-FB399A4B427F}.Debug|Any CPU.Build.0 = Debug|Any CPU
		{4414BE0B-4349-424A-976F-FB399A4B427F}.Release|Any CPU.ActiveCfg = Release|Any CPU
		{4414BE0B-4349-424A-976F-FB399A4B427F}.Release|Any CPU.Build.0 = Release|Any CPU
		{0D89717E-795E-4794-A1C3-706C5E60F009}.Debug|Any CPU.ActiveCfg = Debug|Any CPU
		{0D89717E-795E-4794-A1C3-706C5E60F009}.Debug|Any CPU.Build.0 = Debug|Any CPU
		{0D89717E-795E-4794-A1C3-706C5E60F009}.Release|Any CPU.ActiveCfg = Release|Any CPU
		{0D89717E-795E-4794-A1C3-706C5E60F009}.Release|Any CPU.Build.0 = Release|Any CPU
		{DF28D606-C6A0-4235-A122-1DB3C98B131C}.Debug|Any CPU.ActiveCfg = Debug|Any CPU
		{DF28D606-C6A0-4235-A122-1DB3C98B131C}.Debug|Any CPU.Build.0 = Debug|Any CPU
		{DF28D606-C6A0-4235-A122-1DB3C98B131C}.Release|Any CPU.ActiveCfg = Release|Any CPU
		{DF28D606-C6A0-4235-A122-1DB3C98B131C}.Release|Any CPU.Build.0 = Release|Any CPU
		{2B68F310-123F-4144-A366-080E8076596B}.Debug|Any CPU.ActiveCfg = Debug|Any CPU
		{2B68F310-123F-4144-A366-080E8076596B}.Debug|Any CPU.Build.0 = Debug|Any CPU
		{2B68F310-123F-4144-A366-080E8076596B}.Release|Any CPU.ActiveCfg = Release|Any CPU
		{2B68F310-123F-4144-A366-080E8076596B}.Release|Any CPU.Build.0 = Release|Any CPU
		{A88B6C0E-59F2-4BB9-95E0-BA4ADDCD0C36}.Debug|Any CPU.ActiveCfg = Debug|Any CPU
		{A88B6C0E-59F2-4BB9-95E0-BA4ADDCD0C36}.Debug|Any CPU.Build.0 = Debug|Any CPU
		{A88B6C0E-59F2-4BB9-95E0-BA4ADDCD0C36}.Release|Any CPU.ActiveCfg = Release|Any CPU
		{A88B6C0E-59F2-4BB9-95E0-BA4ADDCD0C36}.Release|Any CPU.Build.0 = Release|Any CPU
		{81ECE807-36ED-4BAB-80F3-89CDE58E6BBF}.Debug|Any CPU.ActiveCfg = Debug|Any CPU
		{81ECE807-36ED-4BAB-80F3-89CDE58E6BBF}.Debug|Any CPU.Build.0 = Debug|Any CPU
		{81ECE807-36ED-4BAB-80F3-89CDE58E6BBF}.Release|Any CPU.ActiveCfg = Release|Any CPU
		{81ECE807-36ED-4BAB-80F3-89CDE58E6BBF}.Release|Any CPU.Build.0 = Release|Any CPU
		{E1A901A1-DBE0-4A8C-9FC1-2907C8EF8E15}.Debug|Any CPU.ActiveCfg = Debug|Any CPU
		{E1A901A1-DBE0-4A8C-9FC1-2907C8EF8E15}.Debug|Any CPU.Build.0 = Debug|Any CPU
		{E1A901A1-DBE0-4A8C-9FC1-2907C8EF8E15}.Release|Any CPU.ActiveCfg = Release|Any CPU
		{E1A901A1-DBE0-4A8C-9FC1-2907C8EF8E15}.Release|Any CPU.Build.0 = Release|Any CPU
		{3190640E-66C9-43DE-95A6-DC05B6D451B3}.Debug|Any CPU.ActiveCfg = Debug|Any CPU
		{3190640E-66C9-43DE-95A6-DC05B6D451B3}.Debug|Any CPU.Build.0 = Debug|Any CPU
		{3190640E-66C9-43DE-95A6-DC05B6D451B3}.Release|Any CPU.ActiveCfg = Release|Any CPU
		{3190640E-66C9-43DE-95A6-DC05B6D451B3}.Release|Any CPU.Build.0 = Release|Any CPU
		{FD1EEE1C-834B-4699-A960-8B63FF7FD89F}.Debug|Any CPU.ActiveCfg = Debug|Any CPU
		{FD1EEE1C-834B-4699-A960-8B63FF7FD89F}.Debug|Any CPU.Build.0 = Debug|Any CPU
		{FD1EEE1C-834B-4699-A960-8B63FF7FD89F}.Release|Any CPU.ActiveCfg = Release|Any CPU
		{FD1EEE1C-834B-4699-A960-8B63FF7FD89F}.Release|Any CPU.Build.0 = Release|Any CPU
		{664E4159-40C5-45D2-ACDD-91C2E2F10D8F}.Debug|Any CPU.ActiveCfg = Debug|Any CPU
		{664E4159-40C5-45D2-ACDD-91C2E2F10D8F}.Debug|Any CPU.Build.0 = Debug|Any CPU
		{664E4159-40C5-45D2-ACDD-91C2E2F10D8F}.Release|Any CPU.ActiveCfg = Release|Any CPU
		{664E4159-40C5-45D2-ACDD-91C2E2F10D8F}.Release|Any CPU.Build.0 = Release|Any CPU
		{267564ED-EF23-4202-A9DF-5ECCB81B0F72}.Debug|Any CPU.ActiveCfg = Debug|Any CPU
		{267564ED-EF23-4202-A9DF-5ECCB81B0F72}.Debug|Any CPU.Build.0 = Debug|Any CPU
		{267564ED-EF23-4202-A9DF-5ECCB81B0F72}.Release|Any CPU.ActiveCfg = Release|Any CPU
		{267564ED-EF23-4202-A9DF-5ECCB81B0F72}.Release|Any CPU.Build.0 = Release|Any CPU
		{62F2FDFB-0DF0-430C-8A66-570564FEC7CB}.Debug|Any CPU.ActiveCfg = Debug|Any CPU
		{62F2FDFB-0DF0-430C-8A66-570564FEC7CB}.Debug|Any CPU.Build.0 = Debug|Any CPU
		{62F2FDFB-0DF0-430C-8A66-570564FEC7CB}.Release|Any CPU.ActiveCfg = Release|Any CPU
		{62F2FDFB-0DF0-430C-8A66-570564FEC7CB}.Release|Any CPU.Build.0 = Release|Any CPU
		{C631FA5C-AD8E-49BD-A2FA-D784AFA510DD}.Debug|Any CPU.ActiveCfg = Debug|Any CPU
		{C631FA5C-AD8E-49BD-A2FA-D784AFA510DD}.Debug|Any CPU.Build.0 = Debug|Any CPU
		{C631FA5C-AD8E-49BD-A2FA-D784AFA510DD}.Release|Any CPU.ActiveCfg = Release|Any CPU
		{C631FA5C-AD8E-49BD-A2FA-D784AFA510DD}.Release|Any CPU.Build.0 = Release|Any CPU
		{2015DB11-6FEE-4D23-8B0E-14688658218C}.Debug|Any CPU.ActiveCfg = Debug|Any CPU
		{2015DB11-6FEE-4D23-8B0E-14688658218C}.Debug|Any CPU.Build.0 = Debug|Any CPU
		{2015DB11-6FEE-4D23-8B0E-14688658218C}.Release|Any CPU.ActiveCfg = Release|Any CPU
		{2015DB11-6FEE-4D23-8B0E-14688658218C}.Release|Any CPU.Build.0 = Release|Any CPU
		{532FEA4F-82F6-4115-9668-5FDB0833DCEA}.Debug|Any CPU.ActiveCfg = Debug|Any CPU
		{532FEA4F-82F6-4115-9668-5FDB0833DCEA}.Debug|Any CPU.Build.0 = Debug|Any CPU
		{532FEA4F-82F6-4115-9668-5FDB0833DCEA}.Release|Any CPU.ActiveCfg = Release|Any CPU
		{532FEA4F-82F6-4115-9668-5FDB0833DCEA}.Release|Any CPU.Build.0 = Release|Any CPU
		{10FEADB6-2A5E-4EF6-B496-8549305A6931}.Debug|Any CPU.ActiveCfg = Debug|Any CPU
		{10FEADB6-2A5E-4EF6-B496-8549305A6931}.Debug|Any CPU.Build.0 = Debug|Any CPU
		{10FEADB6-2A5E-4EF6-B496-8549305A6931}.Release|Any CPU.ActiveCfg = Release|Any CPU
		{10FEADB6-2A5E-4EF6-B496-8549305A6931}.Release|Any CPU.Build.0 = Release|Any CPU
	EndGlobalSection
	GlobalSection(SolutionProperties) = preSolution
		HideSolutionNode = FALSE
	EndGlobalSection
	GlobalSection(NestedProjects) = preSolution
		{22706820-AB76-43FE-AA96-A0E2A3819295} = {1E8DBADE-3384-4038-B379-0982667B0808}
		{C074FB66-7099-4A08-98E6-A75E4B7E2A93} = {1E8DBADE-3384-4038-B379-0982667B0808}
		{4414BE0B-4349-424A-976F-FB399A4B427F} = {F37E69DB-633B-4A68-BF48-D57509BB9DD8}
		{0D89717E-795E-4794-A1C3-706C5E60F009} = {F37E69DB-633B-4A68-BF48-D57509BB9DD8}
		{DF28D606-C6A0-4235-A122-1DB3C98B131C} = {F37E69DB-633B-4A68-BF48-D57509BB9DD8}
		{2B68F310-123F-4144-A366-080E8076596B} = {F37E69DB-633B-4A68-BF48-D57509BB9DD8}
		{A88B6C0E-59F2-4BB9-95E0-BA4ADDCD0C36} = {F37E69DB-633B-4A68-BF48-D57509BB9DD8}
		{81ECE807-36ED-4BAB-80F3-89CDE58E6BBF} = {F37E69DB-633B-4A68-BF48-D57509BB9DD8}
		{E1A901A1-DBE0-4A8C-9FC1-2907C8EF8E15} = {F37E69DB-633B-4A68-BF48-D57509BB9DD8}
		{3190640E-66C9-43DE-95A6-DC05B6D451B3} = {F37E69DB-633B-4A68-BF48-D57509BB9DD8}
		{FD1EEE1C-834B-4699-A960-8B63FF7FD89F} = {F37E69DB-633B-4A68-BF48-D57509BB9DD8}
		{664E4159-40C5-45D2-ACDD-91C2E2F10D8F} = {F37E69DB-633B-4A68-BF48-D57509BB9DD8}
		{267564ED-EF23-4202-A9DF-5ECCB81B0F72} = {F37E69DB-633B-4A68-BF48-D57509BB9DD8}
		{62F2FDFB-0DF0-430C-8A66-570564FEC7CB} = {F37E69DB-633B-4A68-BF48-D57509BB9DD8}
		{C631FA5C-AD8E-49BD-A2FA-D784AFA510DD} = {F37E69DB-633B-4A68-BF48-D57509BB9DD8}
		{2015DB11-6FEE-4D23-8B0E-14688658218C} = {F37E69DB-633B-4A68-BF48-D57509BB9DD8}
		{532FEA4F-82F6-4115-9668-5FDB0833DCEA} = {F37E69DB-633B-4A68-BF48-D57509BB9DD8}
		{10FEADB6-2A5E-4EF6-B496-8549305A6931} = {05B00016-C7A2-4C6B-9485-92409F4EFB65}
	EndGlobalSection
EndGlobal
